
Microsoft Visual Studio Solution File, Format Version 12.00
# Visual Studio Version 16
VisualStudioVersion = 16.0.34729.46
MinimumVisualStudioVersion = 10.0.40219.1
Project("{FAE04EC0-301F-11D3-BF4B-00C04F79EFBC}") = "ConsoleApp1", "ConsoleApp1\ConsoleApp1.csproj", "{9BE411C9-91E9-4551-86E9-B8B19E06D416}"
EndProject
Global
	GlobalSection(SolutionConfigurationPlatforms) = preSolution
		Debug|Any CPU = Debug|Any CPU
		Release|Any CPU = Release|Any CPU
	EndGlobalSection
	GlobalSection(ProjectConfigurationPlatforms) = postSolution
		{9BE411C9-91E9-4551-86E9-B8B19E06D416}.Debug|Any CPU.ActiveCfg = Debug|Any CPU
		{9BE411C9-91E9-4551-86E9-B8B19E06D416}.Debug|Any CPU.Build.0 = Debug|Any CPU
		{9BE411C9-91E9-4551-86E9-B8B19E06D416}.Release|Any CPU.ActiveCfg = Release|Any CPU
		{9BE411C9-91E9-4551-86E9-B8B19E06D416}.Release|Any CPU.Build.0 = Release|Any CPU
	EndGlobalSection
	GlobalSection(SolutionProperties) = preSolution
		HideSolutionNode = FALSE
	EndGlobalSection
	GlobalSection(ExtensibilityGlobals) = postSolution
		SolutionGuid = {E7AACE4A-3431-4DC0-97DF-706A5EE355EB}
	EndGlobalSection
EndGlobal
